
Microsoft Visual Studio Solution File, Format Version 12.00
# Visual Studio Version 16
VisualStudioVersion = 16.0.32630.194
MinimumVisualStudioVersion = 10.0.40219.1
Project("{FAE04EC0-301F-11D3-BF4B-00C04F79EFBC}") = "SalesWebMvc", "SalesWebMvc\SalesWebMvc.csproj", "{EEF9DC00-437A-4ED3-89A8-150A05E9E908}"
EndProject
Global
	GlobalSection(SolutionConfigurationPlatforms) = preSolution
		Debug|Any CPU = Debug|Any CPU
		Release|Any CPU = Release|Any CPU
	EndGlobalSection
	GlobalSection(ProjectConfigurationPlatforms) = postSolution
		{EEF9DC00-437A-4ED3-89A8-150A05E9E908}.Debug|Any CPU.ActiveCfg = Debug|Any CPU
		{EEF9DC00-437A-4ED3-89A8-150A05E9E908}.Debug|Any CPU.Build.0 = Debug|Any CPU
		{EEF9DC00-437A-4ED3-89A8-150A05E9E908}.Release|Any CPU.ActiveCfg = Release|Any CPU
		{EEF9DC00-437A-4ED3-89A8-150A05E9E908}.Release|Any CPU.Build.0 = Release|Any CPU
	EndGlobalSection
	GlobalSection(SolutionProperties) = preSolution
		HideSolutionNode = FALSE
	EndGlobalSection
	GlobalSection(ExtensibilityGlobals) = postSolution
		SolutionGuid = {B4448A61-DFFC-4123-9E58-BCAF05DB522C}
	EndGlobalSection
EndGlobal
